// !$*UTF8*$!
{
	archiveVersion = 1;
	classes = {
	};
	objectVersion = 56;
	objects = {

/* Begin PBXBuildFile section */
		7315B92B2B4D8B5F00C82171 /* CatalogViewModel.swift in Sources */ = {isa = PBXBuildFile; fileRef = 7315B92A2B4D8B5F00C82171 /* CatalogViewModel.swift */; };
		7315B9372B4D9C7F00C82171 /* CatalogViewController+SearchBar.swift in Sources */ = {isa = PBXBuildFile; fileRef = 7315B9362B4D9C7F00C82171 /* CatalogViewController+SearchBar.swift */; };
		7315B93A2B4DA12500C82171 /* Observable.swift in Sources */ = {isa = PBXBuildFile; fileRef = 7315B9392B4DA12500C82171 /* Observable.swift */; };
		7315B93E2B4DA87B00C82171 /* MoreViewModel.swift in Sources */ = {isa = PBXBuildFile; fileRef = 7315B93D2B4DA87B00C82171 /* MoreViewModel.swift */; };
		733535B22B4F24E3005982D1 /* DetailViewModel.swift in Sources */ = {isa = PBXBuildFile; fileRef = 733535B12B4F24E3005982D1 /* DetailViewModel.swift */; };
		733535B52B4F2A56005982D1 /* StocksViewModel.swift in Sources */ = {isa = PBXBuildFile; fileRef = 733535B42B4F2A56005982D1 /* StocksViewModel.swift */; };
		733535B92B4F40EA005982D1 /* OrdersViewModel.swift in Sources */ = {isa = PBXBuildFile; fileRef = 733535B82B4F40EA005982D1 /* OrdersViewModel.swift */; };
		733535BB2B4F43E0005982D1 /* CartViewModel.swift in Sources */ = {isa = PBXBuildFile; fileRef = 733535BA2B4F43E0005982D1 /* CartViewModel.swift */; };
		733535BD2B4F47F6005982D1 /* CartCollectionViewCell.swift in Sources */ = {isa = PBXBuildFile; fileRef = 733535BC2B4F47F6005982D1 /* CartCollectionViewCell.swift */; };
		734B4F102B497A00009C0600 /* More.swift in Sources */ = {isa = PBXBuildFile; fileRef = 734B4F0F2B497A00009C0600 /* More.swift */; };
		734B4F122B497E57009C0600 /* MoreCollectionViewCell.swift in Sources */ = {isa = PBXBuildFile; fileRef = 734B4F112B497E57009C0600 /* MoreCollectionViewCell.swift */; };
		736B5D8B2B4B140F0091594F /* Catalog.swift in Sources */ = {isa = PBXBuildFile; fileRef = 736B5D8A2B4B140F0091594F /* Catalog.swift */; };
		73A560772B506377009F90A6 /* EmptyView.swift in Sources */ = {isa = PBXBuildFile; fileRef = 73A560762B506377009F90A6 /* EmptyView.swift */; };
		73A656B82B483A55009F55F1 /* AppDelegate.swift in Sources */ = {isa = PBXBuildFile; fileRef = 73A656B72B483A55009F55F1 /* AppDelegate.swift */; };
		73A656BA2B483A55009F55F1 /* SceneDelegate.swift in Sources */ = {isa = PBXBuildFile; fileRef = 73A656B92B483A55009F55F1 /* SceneDelegate.swift */; };
		73A656BC2B483A55009F55F1 /* CatalogViewController.swift in Sources */ = {isa = PBXBuildFile; fileRef = 73A656BB2B483A55009F55F1 /* CatalogViewController.swift */; };
		73A656C12B483A56009F55F1 /* Assets.xcassets in Resources */ = {isa = PBXBuildFile; fileRef = 73A656C02B483A56009F55F1 /* Assets.xcassets */; };
		73A656C42B483A56009F55F1 /* LaunchScreen.storyboard in Resources */ = {isa = PBXBuildFile; fileRef = 73A656C22B483A56009F55F1 /* LaunchScreen.storyboard */; };
		73A656D52B4846D3009F55F1 /* StocksViewController.swift in Sources */ = {isa = PBXBuildFile; fileRef = 73A656D42B4846D3009F55F1 /* StocksViewController.swift */; };
		73A656D72B4846EB009F55F1 /* OrdersViewController.swift in Sources */ = {isa = PBXBuildFile; fileRef = 73A656D62B4846EB009F55F1 /* OrdersViewController.swift */; };
		73A656D92B484706009F55F1 /* CartViewController.swift in Sources */ = {isa = PBXBuildFile; fileRef = 73A656D82B484706009F55F1 /* CartViewController.swift */; };
		73A656DB2B48471B009F55F1 /* MoreViewController.swift in Sources */ = {isa = PBXBuildFile; fileRef = 73A656DA2B48471B009F55F1 /* MoreViewController.swift */; };
		73A656DD2B485475009F55F1 /* TabBarController.swift in Sources */ = {isa = PBXBuildFile; fileRef = 73A656DC2B485475009F55F1 /* TabBarController.swift */; };
		73A656E02B486058009F55F1 /* StocksCollectionViewCell.swift in Sources */ = {isa = PBXBuildFile; fileRef = 73A656DF2B486058009F55F1 /* StocksCollectionViewCell.swift */; };
		73A656E22B48694B009F55F1 /* Stocks.swift in Sources */ = {isa = PBXBuildFile; fileRef = 73A656E12B48694B009F55F1 /* Stocks.swift */; };
		73B2F5B52B4F1971007E1A69 /* DetailViewController.swift in Sources */ = {isa = PBXBuildFile; fileRef = 73B2F5B42B4F1971007E1A69 /* DetailViewController.swift */; };
		73C49CCD2B5FEFEF0083A91C /* makeViews.swift in Sources */ = {isa = PBXBuildFile; fileRef = 73C49CCC2B5FEFEF0083A91C /* makeViews.swift */; };
		73C49CD02B6006B00083A91C /* UICollectionViewCell+Ext.swift in Sources */ = {isa = PBXBuildFile; fileRef = 73C49CCF2B6006B00083A91C /* UICollectionViewCell+Ext.swift */; };
		73E7AA9E2B4C0C0200B109DF /* CatalogCollectionViewCell.swift in Sources */ = {isa = PBXBuildFile; fileRef = 73E7AA9D2B4C0C0200B109DF /* CatalogCollectionViewCell.swift */; };
		73E7AAA02B4C31AD00B109DF /* RichRollCellHeader.swift in Sources */ = {isa = PBXBuildFile; fileRef = 73E7AA9F2B4C31AD00B109DF /* RichRollCellHeader.swift */; };
/* End PBXBuildFile section */

/* Begin PBXFileReference section */
		7315B92A2B4D8B5F00C82171 /* CatalogViewModel.swift */ = {isa = PBXFileReference; lastKnownFileType = sourcecode.swift; path = CatalogViewModel.swift; sourceTree = "<group>"; };
		7315B9362B4D9C7F00C82171 /* CatalogViewController+SearchBar.swift */ = {isa = PBXFileReference; lastKnownFileType = sourcecode.swift; path = "CatalogViewController+SearchBar.swift"; sourceTree = "<group>"; };
		7315B9392B4DA12500C82171 /* Observable.swift */ = {isa = PBXFileReference; lastKnownFileType = sourcecode.swift; path = Observable.swift; sourceTree = "<group>"; };
		7315B93D2B4DA87B00C82171 /* MoreViewModel.swift */ = {isa = PBXFileReference; lastKnownFileType = sourcecode.swift; path = MoreViewModel.swift; sourceTree = "<group>"; };
		733535B12B4F24E3005982D1 /* DetailViewModel.swift */ = {isa = PBXFileReference; lastKnownFileType = sourcecode.swift; path = DetailViewModel.swift; sourceTree = "<group>"; };
		733535B42B4F2A56005982D1 /* StocksViewModel.swift */ = {isa = PBXFileReference; lastKnownFileType = sourcecode.swift; path = StocksViewModel.swift; sourceTree = "<group>"; };
		733535B82B4F40EA005982D1 /* OrdersViewModel.swift */ = {isa = PBXFileReference; lastKnownFileType = sourcecode.swift; path = OrdersViewModel.swift; sourceTree = "<group>"; };
		733535BA2B4F43E0005982D1 /* CartViewModel.swift */ = {isa = PBXFileReference; lastKnownFileType = sourcecode.swift; path = CartViewModel.swift; sourceTree = "<group>"; };
		733535BC2B4F47F6005982D1 /* CartCollectionViewCell.swift */ = {isa = PBXFileReference; lastKnownFileType = sourcecode.swift; path = CartCollectionViewCell.swift; sourceTree = "<group>"; };
		734B4F0F2B497A00009C0600 /* More.swift */ = {isa = PBXFileReference; lastKnownFileType = sourcecode.swift; path = More.swift; sourceTree = "<group>"; };
		734B4F112B497E57009C0600 /* MoreCollectionViewCell.swift */ = {isa = PBXFileReference; lastKnownFileType = sourcecode.swift; path = MoreCollectionViewCell.swift; sourceTree = "<group>"; };
		736B5D8A2B4B140F0091594F /* Catalog.swift */ = {isa = PBXFileReference; lastKnownFileType = sourcecode.swift; path = Catalog.swift; sourceTree = "<group>"; };
		73A560762B506377009F90A6 /* EmptyView.swift */ = {isa = PBXFileReference; lastKnownFileType = sourcecode.swift; path = EmptyView.swift; sourceTree = "<group>"; };
		73A656B42B483A55009F55F1 /* RichRollApp.app */ = {isa = PBXFileReference; explicitFileType = wrapper.application; includeInIndex = 0; path = RichRollApp.app; sourceTree = BUILT_PRODUCTS_DIR; };
		73A656B72B483A55009F55F1 /* AppDelegate.swift */ = {isa = PBXFileReference; lastKnownFileType = sourcecode.swift; path = AppDelegate.swift; sourceTree = "<group>"; };
		73A656B92B483A55009F55F1 /* SceneDelegate.swift */ = {isa = PBXFileReference; lastKnownFileType = sourcecode.swift; path = SceneDelegate.swift; sourceTree = "<group>"; };
		73A656BB2B483A55009F55F1 /* CatalogViewController.swift */ = {isa = PBXFileReference; lastKnownFileType = sourcecode.swift; path = CatalogViewController.swift; sourceTree = "<group>"; };
		73A656C02B483A56009F55F1 /* Assets.xcassets */ = {isa = PBXFileReference; lastKnownFileType = folder.assetcatalog; path = Assets.xcassets; sourceTree = "<group>"; };
		73A656C32B483A56009F55F1 /* Base */ = {isa = PBXFileReference; lastKnownFileType = file.storyboard; name = Base; path = Base.lproj/LaunchScreen.storyboard; sourceTree = "<group>"; };
		73A656C52B483A56009F55F1 /* Info.plist */ = {isa = PBXFileReference; lastKnownFileType = text.plist.xml; path = Info.plist; sourceTree = "<group>"; };
		73A656D42B4846D3009F55F1 /* StocksViewController.swift */ = {isa = PBXFileReference; lastKnownFileType = sourcecode.swift; path = StocksViewController.swift; sourceTree = "<group>"; };
		73A656D62B4846EB009F55F1 /* OrdersViewController.swift */ = {isa = PBXFileReference; lastKnownFileType = sourcecode.swift; path = OrdersViewController.swift; sourceTree = "<group>"; };
		73A656D82B484706009F55F1 /* CartViewController.swift */ = {isa = PBXFileReference; lastKnownFileType = sourcecode.swift; path = CartViewController.swift; sourceTree = "<group>"; };
		73A656DA2B48471B009F55F1 /* MoreViewController.swift */ = {isa = PBXFileReference; lastKnownFileType = sourcecode.swift; path = MoreViewController.swift; sourceTree = "<group>"; };
		73A656DC2B485475009F55F1 /* TabBarController.swift */ = {isa = PBXFileReference; lastKnownFileType = sourcecode.swift; path = TabBarController.swift; sourceTree = "<group>"; };
		73A656DF2B486058009F55F1 /* StocksCollectionViewCell.swift */ = {isa = PBXFileReference; lastKnownFileType = sourcecode.swift; path = StocksCollectionViewCell.swift; sourceTree = "<group>"; };
		73A656E12B48694B009F55F1 /* Stocks.swift */ = {isa = PBXFileReference; lastKnownFileType = sourcecode.swift; path = Stocks.swift; sourceTree = "<group>"; };
		73B2F5B42B4F1971007E1A69 /* DetailViewController.swift */ = {isa = PBXFileReference; lastKnownFileType = sourcecode.swift; path = DetailViewController.swift; sourceTree = "<group>"; };
		73C49CCC2B5FEFEF0083A91C /* makeViews.swift */ = {isa = PBXFileReference; lastKnownFileType = sourcecode.swift; path = makeViews.swift; sourceTree = "<group>"; };
		73C49CCF2B6006B00083A91C /* UICollectionViewCell+Ext.swift */ = {isa = PBXFileReference; lastKnownFileType = sourcecode.swift; path = "UICollectionViewCell+Ext.swift"; sourceTree = "<group>"; };
		73E7AA9D2B4C0C0200B109DF /* CatalogCollectionViewCell.swift */ = {isa = PBXFileReference; lastKnownFileType = sourcecode.swift; path = CatalogCollectionViewCell.swift; sourceTree = "<group>"; };
		73E7AA9F2B4C31AD00B109DF /* RichRollCellHeader.swift */ = {isa = PBXFileReference; lastKnownFileType = sourcecode.swift; path = RichRollCellHeader.swift; sourceTree = "<group>"; };
/* End PBXFileReference section */

/* Begin PBXFrameworksBuildPhase section */
		73A656B12B483A55009F55F1 /* Frameworks */ = {
			isa = PBXFrameworksBuildPhase;
			buildActionMask = 2147483647;
			files = (
			);
			runOnlyForDeploymentPostprocessing = 0;
		};
/* End PBXFrameworksBuildPhase section */

/* Begin PBXGroup section */
		7315B92F2B4D95FB00C82171 /* Catalog */ = {
			isa = PBXGroup;
			children = (
				73CE92E12B77C67200CFB424 /* Model */,
				73A656BB2B483A55009F55F1 /* CatalogViewController.swift */,
				7315B9362B4D9C7F00C82171 /* CatalogViewController+SearchBar.swift */,
				73E7AA9D2B4C0C0200B109DF /* CatalogCollectionViewCell.swift */,
				73E7AA9F2B4C31AD00B109DF /* RichRollCellHeader.swift */,
				733535B32B4F24ED005982D1 /* Detail */,
			);
			path = Catalog;
			sourceTree = "<group>";
		};
		7315B9302B4D960C00C82171 /* Stocks */ = {
			isa = PBXGroup;
			children = (
				73CE92E22B77C67A00CFB424 /* Model */,
				73A656D42B4846D3009F55F1 /* StocksViewController.swift */,
				73A656DF2B486058009F55F1 /* StocksCollectionViewCell.swift */,
			);
			path = Stocks;
			sourceTree = "<group>";
		};
		7315B9312B4D961B00C82171 /* Orders */ = {
			isa = PBXGroup;
			children = (
				73A656D62B4846EB009F55F1 /* OrdersViewController.swift */,
			);
			path = Orders;
			sourceTree = "<group>";
		};
		7315B9322B4D962000C82171 /* More */ = {
			isa = PBXGroup;
			children = (
				73CE92E32B77C68100CFB424 /* Model */,
				73A656DA2B48471B009F55F1 /* MoreViewController.swift */,
				734B4F112B497E57009C0600 /* MoreCollectionViewCell.swift */,
			);
			path = More;
			sourceTree = "<group>";
		};
		7315B9332B4D962C00C82171 /* Cart */ = {
			isa = PBXGroup;
			children = (
				73A656D82B484706009F55F1 /* CartViewController.swift */,
				733535BC2B4F47F6005982D1 /* CartCollectionViewCell.swift */,
				73A560762B506377009F90A6 /* EmptyView.swift */,
			);
			path = Cart;
			sourceTree = "<group>";
		};
		7315B9382B4DA11D00C82171 /* Helpers */ = {
			isa = PBXGroup;
			children = (
				7315B9392B4DA12500C82171 /* Observable.swift */,
			);
			path = Helpers;
			sourceTree = "<group>";
		};
		733535B32B4F24ED005982D1 /* Detail */ = {
			isa = PBXGroup;
			children = (
				73B2F5B42B4F1971007E1A69 /* DetailViewController.swift */,
			);
			path = Detail;
			sourceTree = "<group>";
		};
		73A656AB2B483A55009F55F1 = {
			isa = PBXGroup;
			children = (
				73A656B62B483A55009F55F1 /* RichRollApp */,
				73A656B52B483A55009F55F1 /* Products */,
			);
			sourceTree = "<group>";
		};
		73A656B52B483A55009F55F1 /* Products */ = {
			isa = PBXGroup;
			children = (
				73A656B42B483A55009F55F1 /* RichRollApp.app */,
			);
			name = Products;
			sourceTree = "<group>";
		};
		73A656B62B483A55009F55F1 /* RichRollApp */ = {
			isa = PBXGroup;
			children = (
				73A656CB2B483B08009F55F1 /* App */,
				73A656CD2B483B25009F55F1 /* Sources */,
				73A656CC2B483B11009F55F1 /* Resources */,
			);
			path = RichRollApp;
			sourceTree = "<group>";
		};
		73A656CB2B483B08009F55F1 /* App */ = {
			isa = PBXGroup;
			children = (
				73A656B72B483A55009F55F1 /* AppDelegate.swift */,
				73A656B92B483A55009F55F1 /* SceneDelegate.swift */,
			);
			path = App;
			sourceTree = "<group>";
		};
		73A656CC2B483B11009F55F1 /* Resources */ = {
			isa = PBXGroup;
			children = (
				73A656C02B483A56009F55F1 /* Assets.xcassets */,
				73A656C22B483A56009F55F1 /* LaunchScreen.storyboard */,
				73A656C52B483A56009F55F1 /* Info.plist */,
			);
			path = Resources;
			sourceTree = "<group>";
		};
		73A656CD2B483B25009F55F1 /* Sources */ = {
			isa = PBXGroup;
			children = (
				7315B9382B4DA11D00C82171 /* Helpers */,
				73A656D02B483B44009F55F1 /* View */,
				73A656CE2B483B29009F55F1 /* ViewModel */,
			);
			path = Sources;
			sourceTree = "<group>";
		};
		73A656CE2B483B29009F55F1 /* ViewModel */ = {
			isa = PBXGroup;
			children = (
				7315B92A2B4D8B5F00C82171 /* CatalogViewModel.swift */,
				733535B12B4F24E3005982D1 /* DetailViewModel.swift */,
				733535B42B4F2A56005982D1 /* StocksViewModel.swift */,
				733535B82B4F40EA005982D1 /* OrdersViewModel.swift */,
				733535BA2B4F43E0005982D1 /* CartViewModel.swift */,
				7315B93D2B4DA87B00C82171 /* MoreViewModel.swift */,
			);
			path = ViewModel;
			sourceTree = "<group>";
		};
		73A656D02B483B44009F55F1 /* View */ = {
			isa = PBXGroup;
			children = (
				73C49CCE2B6006A10083A91C /* Extensions */,
				73C49CCB2B5FEFD90083A91C /* Functions */,
				7315B92F2B4D95FB00C82171 /* Catalog */,
				7315B9302B4D960C00C82171 /* Stocks */,
				7315B9312B4D961B00C82171 /* Orders */,
				7315B9332B4D962C00C82171 /* Cart */,
				7315B9322B4D962000C82171 /* More */,
				73A656DC2B485475009F55F1 /* TabBarController.swift */,
			);
			path = View;
			sourceTree = "<group>";
		};
		73C49CCB2B5FEFD90083A91C /* Functions */ = {
			isa = PBXGroup;
			children = (
				73C49CCC2B5FEFEF0083A91C /* makeViews.swift */,
			);
			path = Functions;
			sourceTree = "<group>";
		};
		73C49CCE2B6006A10083A91C /* Extensions */ = {
			isa = PBXGroup;
			children = (
				73C49CCF2B6006B00083A91C /* UICollectionViewCell+Ext.swift */,
			);
			path = Extensions;
			sourceTree = "<group>";
		};
		73CE92E12B77C67200CFB424 /* Model */ = {
			isa = PBXGroup;
			children = (
				736B5D8A2B4B140F0091594F /* Catalog.swift */,
			);
			path = Model;
			sourceTree = "<group>";
		};
		73CE92E22B77C67A00CFB424 /* Model */ = {
			isa = PBXGroup;
			children = (
				73A656E12B48694B009F55F1 /* Stocks.swift */,
			);
			path = Model;
			sourceTree = "<group>";
		};
		73CE92E32B77C68100CFB424 /* Model */ = {
			isa = PBXGroup;
			children = (
				734B4F0F2B497A00009C0600 /* More.swift */,
			);
			path = Model;
			sourceTree = "<group>";
		};
/* End PBXGroup section */

/* Begin PBXNativeTarget section */
		73A656B32B483A55009F55F1 /* RichRollApp */ = {
			isa = PBXNativeTarget;
			buildConfigurationList = 73A656C82B483A56009F55F1 /* Build configuration list for PBXNativeTarget "RichRollApp" */;
			buildPhases = (
				73A656B02B483A55009F55F1 /* Sources */,
				73A656B12B483A55009F55F1 /* Frameworks */,
				73A656B22B483A55009F55F1 /* Resources */,
			);
			buildRules = (
			);
			dependencies = (
			);
			name = RichRollApp;
			productName = RichRollApp;
			productReference = 73A656B42B483A55009F55F1 /* RichRollApp.app */;
			productType = "com.apple.product-type.application";
		};
/* End PBXNativeTarget section */

/* Begin PBXProject section */
		73A656AC2B483A55009F55F1 /* Project object */ = {
			isa = PBXProject;
			attributes = {
				BuildIndependentTargetsInParallel = 1;
				LastSwiftUpdateCheck = 1430;
				LastUpgradeCheck = 1430;
				TargetAttributes = {
					73A656B32B483A55009F55F1 = {
						CreatedOnToolsVersion = 14.3.1;
					};
				};
			};
			buildConfigurationList = 73A656AF2B483A55009F55F1 /* Build configuration list for PBXProject "RichRollApp" */;
			compatibilityVersion = "Xcode 14.0";
			developmentRegion = en;
			hasScannedForEncodings = 0;
			knownRegions = (
				en,
				Base,
			);
			mainGroup = 73A656AB2B483A55009F55F1;
			productRefGroup = 73A656B52B483A55009F55F1 /* Products */;
			projectDirPath = "";
			projectRoot = "";
			targets = (
				73A656B32B483A55009F55F1 /* RichRollApp */,
			);
		};
/* End PBXProject section */

/* Begin PBXResourcesBuildPhase section */
		73A656B22B483A55009F55F1 /* Resources */ = {
			isa = PBXResourcesBuildPhase;
			buildActionMask = 2147483647;
			files = (
				73A656C42B483A56009F55F1 /* LaunchScreen.storyboard in Resources */,
				73A656C12B483A56009F55F1 /* Assets.xcassets in Resources */,
			);
			runOnlyForDeploymentPostprocessing = 0;
		};
/* End PBXResourcesBuildPhase section */

/* Begin PBXSourcesBuildPhase section */
		73A656B02B483A55009F55F1 /* Sources */ = {
			isa = PBXSourcesBuildPhase;
			buildActionMask = 2147483647;
			files = (
				734B4F102B497A00009C0600 /* More.swift in Sources */,
				7315B9372B4D9C7F00C82171 /* CatalogViewController+SearchBar.swift in Sources */,
				73B2F5B52B4F1971007E1A69 /* DetailViewController.swift in Sources */,
				733535B52B4F2A56005982D1 /* StocksViewModel.swift in Sources */,
				7315B92B2B4D8B5F00C82171 /* CatalogViewModel.swift in Sources */,
				73A656DD2B485475009F55F1 /* TabBarController.swift in Sources */,
				73A656E02B486058009F55F1 /* StocksCollectionViewCell.swift in Sources */,
				733535BB2B4F43E0005982D1 /* CartViewModel.swift in Sources */,
				73A656BC2B483A55009F55F1 /* CatalogViewController.swift in Sources */,
				73A656D72B4846EB009F55F1 /* OrdersViewController.swift in Sources */,
				734B4F122B497E57009C0600 /* MoreCollectionViewCell.swift in Sources */,
				73E7AAA02B4C31AD00B109DF /* RichRollCellHeader.swift in Sources */,
				73C49CCD2B5FEFEF0083A91C /* makeViews.swift in Sources */,
				733535B22B4F24E3005982D1 /* DetailViewModel.swift in Sources */,
				73E7AA9E2B4C0C0200B109DF /* CatalogCollectionViewCell.swift in Sources */,
				73A656E22B48694B009F55F1 /* Stocks.swift in Sources */,
				73A560772B506377009F90A6 /* EmptyView.swift in Sources */,
				7315B93E2B4DA87B00C82171 /* MoreViewModel.swift in Sources */,
				73C49CD02B6006B00083A91C /* UICollectionViewCell+Ext.swift in Sources */,
				733535B92B4F40EA005982D1 /* OrdersViewModel.swift in Sources */,
				73A656D92B484706009F55F1 /* CartViewController.swift in Sources */,
				73A656B82B483A55009F55F1 /* AppDelegate.swift in Sources */,
				73A656BA2B483A55009F55F1 /* SceneDelegate.swift in Sources */,
				7315B93A2B4DA12500C82171 /* Observable.swift in Sources */,
				736B5D8B2B4B140F0091594F /* Catalog.swift in Sources */,
				73A656DB2B48471B009F55F1 /* MoreViewController.swift in Sources */,
				733535BD2B4F47F6005982D1 /* CartCollectionViewCell.swift in Sources */,
				73A656D52B4846D3009F55F1 /* StocksViewController.swift in Sources */,
			);
			runOnlyForDeploymentPostprocessing = 0;
		};
/* End PBXSourcesBuildPhase section */

/* Begin PBXVariantGroup section */
		73A656C22B483A56009F55F1 /* LaunchScreen.storyboard */ = {
			isa = PBXVariantGroup;
			children = (
				73A656C32B483A56009F55F1 /* Base */,
			);
			name = LaunchScreen.storyboard;
			sourceTree = "<group>";
		};
/* End PBXVariantGroup section */

/* Begin XCBuildConfiguration section */
		73A656C62B483A56009F55F1 /* Debug */ = {
			isa = XCBuildConfiguration;
			buildSettings = {
				ALWAYS_SEARCH_USER_PATHS = NO;
				CLANG_ANALYZER_NONNULL = YES;
				CLANG_ANALYZER_NUMBER_OBJECT_CONVERSION = YES_AGGRESSIVE;
				CLANG_CXX_LANGUAGE_STANDARD = "gnu++20";
				CLANG_ENABLE_MODULES = YES;
				CLANG_ENABLE_OBJC_ARC = YES;
				CLANG_ENABLE_OBJC_WEAK = YES;
				CLANG_WARN_BLOCK_CAPTURE_AUTORELEASING = YES;
				CLANG_WARN_BOOL_CONVERSION = YES;
				CLANG_WARN_COMMA = YES;
				CLANG_WARN_CONSTANT_CONVERSION = YES;
				CLANG_WARN_DEPRECATED_OBJC_IMPLEMENTATIONS = YES;
				CLANG_WARN_DIRECT_OBJC_ISA_USAGE = YES_ERROR;
				CLANG_WARN_DOCUMENTATION_COMMENTS = YES;
				CLANG_WARN_EMPTY_BODY = YES;
				CLANG_WARN_ENUM_CONVERSION = YES;
				CLANG_WARN_INFINITE_RECURSION = YES;
				CLANG_WARN_INT_CONVERSION = YES;
				CLANG_WARN_NON_LITERAL_NULL_CONVERSION = YES;
				CLANG_WARN_OBJC_IMPLICIT_RETAIN_SELF = YES;
				CLANG_WARN_OBJC_LITERAL_CONVERSION = YES;
				CLANG_WARN_OBJC_ROOT_CLASS = YES_ERROR;
				CLANG_WARN_QUOTED_INCLUDE_IN_FRAMEWORK_HEADER = YES;
				CLANG_WARN_RANGE_LOOP_ANALYSIS = YES;
				CLANG_WARN_STRICT_PROTOTYPES = YES;
				CLANG_WARN_SUSPICIOUS_MOVE = YES;
				CLANG_WARN_UNGUARDED_AVAILABILITY = YES_AGGRESSIVE;
				CLANG_WARN_UNREACHABLE_CODE = YES;
				CLANG_WARN__DUPLICATE_METHOD_MATCH = YES;
				COPY_PHASE_STRIP = NO;
				DEBUG_INFORMATION_FORMAT = dwarf;
				ENABLE_STRICT_OBJC_MSGSEND = YES;
				ENABLE_TESTABILITY = YES;
				GCC_C_LANGUAGE_STANDARD = gnu11;
				GCC_DYNAMIC_NO_PIC = NO;
				GCC_NO_COMMON_BLOCKS = YES;
				GCC_OPTIMIZATION_LEVEL = 0;
				GCC_PREPROCESSOR_DEFINITIONS = (
					"DEBUG=1",
					"$(inherited)",
				);
				GCC_WARN_64_TO_32_BIT_CONVERSION = YES;
				GCC_WARN_ABOUT_RETURN_TYPE = YES_ERROR;
				GCC_WARN_UNDECLARED_SELECTOR = YES;
				GCC_WARN_UNINITIALIZED_AUTOS = YES_AGGRESSIVE;
				GCC_WARN_UNUSED_FUNCTION = YES;
				GCC_WARN_UNUSED_VARIABLE = YES;
				IPHONEOS_DEPLOYMENT_TARGET = 16.4;
				MTL_ENABLE_DEBUG_INFO = INCLUDE_SOURCE;
				MTL_FAST_MATH = YES;
				ONLY_ACTIVE_ARCH = YES;
				SDKROOT = iphoneos;
				SWIFT_ACTIVE_COMPILATION_CONDITIONS = DEBUG;
				SWIFT_OPTIMIZATION_LEVEL = "-Onone";
			};
			name = Debug;
		};
		73A656C72B483A56009F55F1 /* Release */ = {
			isa = XCBuildConfiguration;
			buildSettings = {
				ALWAYS_SEARCH_USER_PATHS = NO;
				CLANG_ANALYZER_NONNULL = YES;
				CLANG_ANALYZER_NUMBER_OBJECT_CONVERSION = YES_AGGRESSIVE;
				CLANG_CXX_LANGUAGE_STANDARD = "gnu++20";
				CLANG_ENABLE_MODULES = YES;
				CLANG_ENABLE_OBJC_ARC = YES;
				CLANG_ENABLE_OBJC_WEAK = YES;
				CLANG_WARN_BLOCK_CAPTURE_AUTORELEASING = YES;
				CLANG_WARN_BOOL_CONVERSION = YES;
				CLANG_WARN_COMMA = YES;
				CLANG_WARN_CONSTANT_CONVERSION = YES;
				CLANG_WARN_DEPRECATED_OBJC_IMPLEMENTATIONS = YES;
				CLANG_WARN_DIRECT_OBJC_ISA_USAGE = YES_ERROR;
				CLANG_WARN_DOCUMENTATION_COMMENTS = YES;
				CLANG_WARN_EMPTY_BODY = YES;
				CLANG_WARN_ENUM_CONVERSION = YES;
				CLANG_WARN_INFINITE_RECURSION = YES;
				CLANG_WARN_INT_CONVERSION = YES;
				CLANG_WARN_NON_LITERAL_NULL_CONVERSION = YES;
				CLANG_WARN_OBJC_IMPLICIT_RETAIN_SELF = YES;
				CLANG_WARN_OBJC_LITERAL_CONVERSION = YES;
				CLANG_WARN_OBJC_ROOT_CLASS = YES_ERROR;
				CLANG_WARN_QUOTED_INCLUDE_IN_FRAMEWORK_HEADER = YES;
				CLANG_WARN_RANGE_LOOP_ANALYSIS = YES;
				CLANG_WARN_STRICT_PROTOTYPES = YES;
				CLANG_WARN_SUSPICIOUS_MOVE = YES;
				CLANG_WARN_UNGUARDED_AVAILABILITY = YES_AGGRESSIVE;
				CLANG_WARN_UNREACHABLE_CODE = YES;
				CLANG_WARN__DUPLICATE_METHOD_MATCH = YES;
				COPY_PHASE_STRIP = NO;
				DEBUG_INFORMATION_FORMAT = "dwarf-with-dsym";
				ENABLE_NS_ASSERTIONS = NO;
				ENABLE_STRICT_OBJC_MSGSEND = YES;
				GCC_C_LANGUAGE_STANDARD = gnu11;
				GCC_NO_COMMON_BLOCKS = YES;
				GCC_WARN_64_TO_32_BIT_CONVERSION = YES;
				GCC_WARN_ABOUT_RETURN_TYPE = YES_ERROR;
				GCC_WARN_UNDECLARED_SELECTOR = YES;
				GCC_WARN_UNINITIALIZED_AUTOS = YES_AGGRESSIVE;
				GCC_WARN_UNUSED_FUNCTION = YES;
				GCC_WARN_UNUSED_VARIABLE = YES;
				IPHONEOS_DEPLOYMENT_TARGET = 16.4;
				MTL_ENABLE_DEBUG_INFO = NO;
				MTL_FAST_MATH = YES;
				SDKROOT = iphoneos;
				SWIFT_COMPILATION_MODE = wholemodule;
				SWIFT_OPTIMIZATION_LEVEL = "-O";
				VALIDATE_PRODUCT = YES;
			};
			name = Release;
		};
		73A656C92B483A56009F55F1 /* Debug */ = {
			isa = XCBuildConfiguration;
			buildSettings = {
				ASSETCATALOG_COMPILER_APPICON_NAME = AppIcon;
				ASSETCATALOG_COMPILER_GLOBAL_ACCENT_COLOR_NAME = AccentColor;
				CODE_SIGN_STYLE = Automatic;
				CURRENT_PROJECT_VERSION = 1;
				DEVELOPMENT_TEAM = AUR8GZBZK7;
				GENERATE_INFOPLIST_FILE = YES;
				INFOPLIST_FILE = RichRollApp/Resources/Info.plist;
				INFOPLIST_KEY_UIApplicationSupportsIndirectInputEvents = YES;
				INFOPLIST_KEY_UILaunchStoryboardName = LaunchScreen;
				INFOPLIST_KEY_UISupportedInterfaceOrientations = UIInterfaceOrientationPortrait;
				IPHONEOS_DEPLOYMENT_TARGET = 16.4;
				LD_RUNPATH_SEARCH_PATHS = (
					"$(inherited)",
					"@executable_path/Frameworks",
				);
				MARKETING_VERSION = 1.0;
				PRODUCT_BUNDLE_IDENTIFIER = com.my.RichRollApp;
				PRODUCT_NAME = "$(TARGET_NAME)";
				SUPPORTED_PLATFORMS = "iphoneos iphonesimulator";
				SUPPORTS_MACCATALYST = NO;
				SUPPORTS_MAC_DESIGNED_FOR_IPHONE_IPAD = NO;
				SWIFT_EMIT_LOC_STRINGS = YES;
				SWIFT_VERSION = 5.0;
				TARGETED_DEVICE_FAMILY = 1;
			};
			name = Debug;
		};
		73A656CA2B483A56009F55F1 /* Release */ = {
			isa = XCBuildConfiguration;
			buildSettings = {
				ASSETCATALOG_COMPILER_APPICON_NAME = AppIcon;
				ASSETCATALOG_COMPILER_GLOBAL_ACCENT_COLOR_NAME = AccentColor;
				CODE_SIGN_STYLE = Automatic;
				CURRENT_PROJECT_VERSION = 1;
				DEVELOPMENT_TEAM = AUR8GZBZK7;
				GENERATE_INFOPLIST_FILE = YES;
				INFOPLIST_FILE = RichRollApp/Resources/Info.plist;
				INFOPLIST_KEY_UIApplicationSupportsIndirectInputEvents = YES;
				INFOPLIST_KEY_UILaunchStoryboardName = LaunchScreen;
				INFOPLIST_KEY_UISupportedInterfaceOrientations = UIInterfaceOrientationPortrait;
				IPHONEOS_DEPLOYMENT_TARGET = 16.4;
				LD_RUNPATH_SEARCH_PATHS = (
					"$(inherited)",
					"@executable_path/Frameworks",
				);
				MARKETING_VERSION = 1.0;
				PRODUCT_BUNDLE_IDENTIFIER = com.my.RichRollApp;
				PRODUCT_NAME = "$(TARGET_NAME)";
				SUPPORTED_PLATFORMS = "iphoneos iphonesimulator";
				SUPPORTS_MACCATALYST = NO;
				SUPPORTS_MAC_DESIGNED_FOR_IPHONE_IPAD = NO;
				SWIFT_EMIT_LOC_STRINGS = YES;
				SWIFT_VERSION = 5.0;
				TARGETED_DEVICE_FAMILY = 1;
			};
			name = Release;
		};
/* End XCBuildConfiguration section */

/* Begin XCConfigurationList section */
		73A656AF2B483A55009F55F1 /* Build configuration list for PBXProject "RichRollApp" */ = {
			isa = XCConfigurationList;
			buildConfigurations = (
				73A656C62B483A56009F55F1 /* Debug */,
				73A656C72B483A56009F55F1 /* Release */,
			);
			defaultConfigurationIsVisible = 0;
			defaultConfigurationName = Release;
		};
		73A656C82B483A56009F55F1 /* Build configuration list for PBXNativeTarget "RichRollApp" */ = {
			isa = XCConfigurationList;
			buildConfigurations = (
				73A656C92B483A56009F55F1 /* Debug */,
				73A656CA2B483A56009F55F1 /* Release */,
			);
			defaultConfigurationIsVisible = 0;
			defaultConfigurationName = Release;
		};
/* End XCConfigurationList section */
	};
	rootObject = 73A656AC2B483A55009F55F1 /* Project object */;
}
